
Microsoft Visual Studio Solution File, Format Version 12.00
# Visual Studio 15
VisualStudioVersion = 15.0.28307.572
MinimumVisualStudioVersion = 10.0.40219.1
Project("{FAE04EC0-301F-11D3-BF4B-00C04F79EFBC}") = "Newsletter", "Newsletter\Newsletter.csproj", "{A5902414-DB00-4463-B726-091714778DBC}"
EndProject
Global
	GlobalSection(SolutionConfigurationPlatforms) = preSolution
		Debug|Any CPU = Debug|Any CPU
		Release|Any CPU = Release|Any CPU
	EndGlobalSection
	GlobalSection(ProjectConfigurationPlatforms) = postSolution
		{A5902414-DB00-4463-B726-091714778DBC}.Debug|Any CPU.ActiveCfg = Debug|Any CPU
		{A5902414-DB00-4463-B726-091714778DBC}.Debug|Any CPU.Build.0 = Debug|Any CPU
		{A5902414-DB00-4463-B726-091714778DBC}.Release|Any CPU.ActiveCfg = Release|Any CPU
		{A5902414-DB00-4463-B726-091714778DBC}.Release|Any CPU.Build.0 = Release|Any CPU
	EndGlobalSection
	GlobalSection(SolutionProperties) = preSolution
		HideSolutionNode = FALSE
	EndGlobalSection
	GlobalSection(ExtensibilityGlobals) = postSolution
		SolutionGuid = {BBCCD7EB-BD20-4DB5-85FE-0AD1DF46A868}
	EndGlobalSection
EndGlobal
